// !$*UTF8*$!
{
	archiveVersion = 1;
	classes = {
	};
	objectVersion = 56;
	objects = {

/* Begin PBXBuildFile section */
		1A87C72C2AEBD74D00CF1FB1 /* AppDelegate.swift in Sources */ = {isa = PBXBuildFile; fileRef = 1A87C72B2AEBD74D00CF1FB1 /* AppDelegate.swift */; };
		1A87C72E2AEBD74D00CF1FB1 /* SceneDelegate.swift in Sources */ = {isa = PBXBuildFile; fileRef = 1A87C72D2AEBD74D00CF1FB1 /* SceneDelegate.swift */; };
		1A87C7332AEBD74D00CF1FB1 /* Main.storyboard in Resources */ = {isa = PBXBuildFile; fileRef = 1A87C7312AEBD74D00CF1FB1 /* Main.storyboard */; };
		1A87C7362AEBD74D00CF1FB1 /* TableViewApp.xcdatamodeld in Sources */ = {isa = PBXBuildFile; fileRef = 1A87C7342AEBD74D00CF1FB1 /* TableViewApp.xcdatamodeld */; };
		1A87C7382AEBD74E00CF1FB1 /* Assets.xcassets in Resources */ = {isa = PBXBuildFile; fileRef = 1A87C7372AEBD74E00CF1FB1 /* Assets.xcassets */; };
		1A87C73B2AEBD74E00CF1FB1 /* LaunchScreen.storyboard in Resources */ = {isa = PBXBuildFile; fileRef = 1A87C7392AEBD74E00CF1FB1 /* LaunchScreen.storyboard */; };
		1A87C7472AEBD86B00CF1FB1 /* DataManager.swift in Sources */ = {isa = PBXBuildFile; fileRef = 1A87C7462AEBD86B00CF1FB1 /* DataManager.swift */; };
		1A87C7492AEBD94D00CF1FB1 /* Song.swift in Sources */ = {isa = PBXBuildFile; fileRef = 1A87C7482AEBD94D00CF1FB1 /* Song.swift */; };
		1A87C7502AEBF83100CF1FB1 /* TrackTableViewController.swift in Sources */ = {isa = PBXBuildFile; fileRef = 1A87C74F2AEBF83100CF1FB1 /* TrackTableViewController.swift */; };
		1A87C7522AEC126700CF1FB1 /* DetailViewController.swift in Sources */ = {isa = PBXBuildFile; fileRef = 1A87C7512AEC126700CF1FB1 /* DetailViewController.swift */; };
		1A87C7542AEC1BBC00CF1FB1 /* MovieTableViewCell.swift in Sources */ = {isa = PBXBuildFile; fileRef = 1A87C7532AEC1BBC00CF1FB1 /* MovieTableViewCell.swift */; };
		1A87C7562AEC1C2700CF1FB1 /* MovieTableViewController.swift in Sources */ = {isa = PBXBuildFile; fileRef = 1A87C7552AEC1C2700CF1FB1 /* MovieTableViewController.swift */; };
		1A87C7582AEC299300CF1FB1 /* Movie.swift in Sources */ = {isa = PBXBuildFile; fileRef = 1A87C7572AEC299300CF1FB1 /* Movie.swift */; };
		1A87C75B2AEC33F700CF1FB1 /* SDWebImage in Frameworks */ = {isa = PBXBuildFile; productRef = 1A87C75A2AEC33F700CF1FB1 /* SDWebImage */; };
		1A87C75D2AEC33F700CF1FB1 /* SDWebImageMapKit in Frameworks */ = {isa = PBXBuildFile; productRef = 1A87C75C2AEC33F700CF1FB1 /* SDWebImageMapKit */; };
		1A87C75F2AEC343F00CF1FB1 /* MovieDetailViewController.swift in Sources */ = {isa = PBXBuildFile; fileRef = 1A87C75E2AEC343F00CF1FB1 /* MovieDetailViewController.swift */; };
/* End PBXBuildFile section */

/* Begin PBXFileReference section */
		1A87C7282AEBD74D00CF1FB1 /* TableViewApp.app */ = {isa = PBXFileReference; explicitFileType = wrapper.application; includeInIndex = 0; path = TableViewApp.app; sourceTree = BUILT_PRODUCTS_DIR; };
		1A87C72B2AEBD74D00CF1FB1 /* AppDelegate.swift */ = {isa = PBXFileReference; lastKnownFileType = sourcecode.swift; path = AppDelegate.swift; sourceTree = "<group>"; };
		1A87C72D2AEBD74D00CF1FB1 /* SceneDelegate.swift */ = {isa = PBXFileReference; lastKnownFileType = sourcecode.swift; path = SceneDelegate.swift; sourceTree = "<group>"; };
		1A87C7322AEBD74D00CF1FB1 /* Base */ = {isa = PBXFileReference; lastKnownFileType = file.storyboard; name = Base; path = Base.lproj/Main.storyboard; sourceTree = "<group>"; };
		1A87C7352AEBD74D00CF1FB1 /* TableViewApp.xcdatamodel */ = {isa = PBXFileReference; lastKnownFileType = wrapper.xcdatamodel; path = TableViewApp.xcdatamodel; sourceTree = "<group>"; };
		1A87C7372AEBD74E00CF1FB1 /* Assets.xcassets */ = {isa = PBXFileReference; lastKnownFileType = folder.assetcatalog; path = Assets.xcassets; sourceTree = "<group>"; };
		1A87C73A2AEBD74E00CF1FB1 /* Base */ = {isa = PBXFileReference; lastKnownFileType = file.storyboard; name = Base; path = Base.lproj/LaunchScreen.storyboard; sourceTree = "<group>"; };
		1A87C73C2AEBD74E00CF1FB1 /* Info.plist */ = {isa = PBXFileReference; lastKnownFileType = text.plist.xml; path = Info.plist; sourceTree = "<group>"; };
		1A87C7462AEBD86B00CF1FB1 /* DataManager.swift */ = {isa = PBXFileReference; lastKnownFileType = sourcecode.swift; path = DataManager.swift; sourceTree = "<group>"; };
		1A87C7482AEBD94D00CF1FB1 /* Song.swift */ = {isa = PBXFileReference; lastKnownFileType = sourcecode.swift; path = Song.swift; sourceTree = "<group>"; };
		1A87C74F2AEBF83100CF1FB1 /* TrackTableViewController.swift */ = {isa = PBXFileReference; lastKnownFileType = sourcecode.swift; path = TrackTableViewController.swift; sourceTree = "<group>"; };
		1A87C7512AEC126700CF1FB1 /* DetailViewController.swift */ = {isa = PBXFileReference; lastKnownFileType = sourcecode.swift; path = DetailViewController.swift; sourceTree = "<group>"; };
		1A87C7532AEC1BBC00CF1FB1 /* MovieTableViewCell.swift */ = {isa = PBXFileReference; lastKnownFileType = sourcecode.swift; path = MovieTableViewCell.swift; sourceTree = "<group>"; };
		1A87C7552AEC1C2700CF1FB1 /* MovieTableViewController.swift */ = {isa = PBXFileReference; lastKnownFileType = sourcecode.swift; path = MovieTableViewController.swift; sourceTree = "<group>"; };
		1A87C7572AEC299300CF1FB1 /* Movie.swift */ = {isa = PBXFileReference; lastKnownFileType = sourcecode.swift; path = Movie.swift; sourceTree = "<group>"; };
		1A87C75E2AEC343F00CF1FB1 /* MovieDetailViewController.swift */ = {isa = PBXFileReference; lastKnownFileType = sourcecode.swift; path = MovieDetailViewController.swift; sourceTree = "<group>"; };
/* End PBXFileReference section */

/* Begin PBXFrameworksBuildPhase section */
		1A87C7252AEBD74D00CF1FB1 /* Frameworks */ = {
			isa = PBXFrameworksBuildPhase;
			buildActionMask = 2147483647;
			files = (
				1A87C75D2AEC33F700CF1FB1 /* SDWebImageMapKit in Frameworks */,
				1A87C75B2AEC33F700CF1FB1 /* SDWebImage in Frameworks */,
			);
			runOnlyForDeploymentPostprocessing = 0;
		};
/* End PBXFrameworksBuildPhase section */

/* Begin PBXGroup section */
		1A87C71F2AEBD74D00CF1FB1 = {
			isa = PBXGroup;
			children = (
				1A87C72A2AEBD74D00CF1FB1 /* TableViewApp */,
				1A87C7292AEBD74D00CF1FB1 /* Products */,
			);
			sourceTree = "<group>";
		};
		1A87C7292AEBD74D00CF1FB1 /* Products */ = {
			isa = PBXGroup;
			children = (
				1A87C7282AEBD74D00CF1FB1 /* TableViewApp.app */,
			);
			name = Products;
			sourceTree = "<group>";
		};
		1A87C72A2AEBD74D00CF1FB1 /* TableViewApp */ = {
			isa = PBXGroup;
			children = (
				1A87C7432AEBD76F00CF1FB1 /* AppDelegate */,
				1A87C7452AEBD84200CF1FB1 /* Model */,
				1A87C7422AEBD76400CF1FB1 /* Views */,
				1A87C7442AEBD77B00CF1FB1 /* Controller */,
				1A87C7372AEBD74E00CF1FB1 /* Assets.xcassets */,
				1A87C73C2AEBD74E00CF1FB1 /* Info.plist */,
				1A87C7342AEBD74D00CF1FB1 /* TableViewApp.xcdatamodeld */,
			);
			path = TableViewApp;
			sourceTree = "<group>";
		};
		1A87C7422AEBD76400CF1FB1 /* Views */ = {
			isa = PBXGroup;
			children = (
				1A87C7312AEBD74D00CF1FB1 /* Main.storyboard */,
				1A87C7392AEBD74E00CF1FB1 /* LaunchScreen.storyboard */,
			);
			path = Views;
			sourceTree = "<group>";
		};
		1A87C7432AEBD76F00CF1FB1 /* AppDelegate */ = {
			isa = PBXGroup;
			children = (
				1A87C72B2AEBD74D00CF1FB1 /* AppDelegate.swift */,
				1A87C72D2AEBD74D00CF1FB1 /* SceneDelegate.swift */,
			);
			path = AppDelegate;
			sourceTree = "<group>";
		};
		1A87C7442AEBD77B00CF1FB1 /* Controller */ = {
			isa = PBXGroup;
			children = (
				1A87C74F2AEBF83100CF1FB1 /* TrackTableViewController.swift */,
				1A87C7512AEC126700CF1FB1 /* DetailViewController.swift */,
				1A87C7532AEC1BBC00CF1FB1 /* MovieTableViewCell.swift */,
				1A87C7552AEC1C2700CF1FB1 /* MovieTableViewController.swift */,
				1A87C75E2AEC343F00CF1FB1 /* MovieDetailViewController.swift */,
			);
			path = Controller;
			sourceTree = "<group>";
		};
		1A87C7452AEBD84200CF1FB1 /* Model */ = {
			isa = PBXGroup;
			children = (
				1A87C7462AEBD86B00CF1FB1 /* DataManager.swift */,
				1A87C7482AEBD94D00CF1FB1 /* Song.swift */,
				1A87C7572AEC299300CF1FB1 /* Movie.swift */,
			);
			path = Model;
			sourceTree = "<group>";
		};
/* End PBXGroup section */

/* Begin PBXNativeTarget section */
		1A87C7272AEBD74D00CF1FB1 /* TableViewApp */ = {
			isa = PBXNativeTarget;
			buildConfigurationList = 1A87C73F2AEBD74E00CF1FB1 /* Build configuration list for PBXNativeTarget "TableViewApp" */;
			buildPhases = (
				1A87C7242AEBD74D00CF1FB1 /* Sources */,
				1A87C7252AEBD74D00CF1FB1 /* Frameworks */,
				1A87C7262AEBD74D00CF1FB1 /* Resources */,
			);
			buildRules = (
			);
			dependencies = (
			);
			name = TableViewApp;
			packageProductDependencies = (
				1A87C75A2AEC33F700CF1FB1 /* SDWebImage */,
				1A87C75C2AEC33F700CF1FB1 /* SDWebImageMapKit */,
			);
			productName = TableViewApp;
			productReference = 1A87C7282AEBD74D00CF1FB1 /* TableViewApp.app */;
			productType = "com.apple.product-type.application";
		};
/* End PBXNativeTarget section */

/* Begin PBXProject section */
		1A87C7202AEBD74D00CF1FB1 /* Project object */ = {
			isa = PBXProject;
			attributes = {
				BuildIndependentTargetsInParallel = 1;
				LastSwiftUpdateCheck = 1500;
				LastUpgradeCheck = 1500;
				TargetAttributes = {
					1A87C7272AEBD74D00CF1FB1 = {
						CreatedOnToolsVersion = 15.0;
					};
				};
			};
			buildConfigurationList = 1A87C7232AEBD74D00CF1FB1 /* Build configuration list for PBXProject "TableViewApp" */;
			compatibilityVersion = "Xcode 14.0";
			developmentRegion = en;
			hasScannedForEncodings = 0;
			knownRegions = (
				en,
				Base,
			);
			mainGroup = 1A87C71F2AEBD74D00CF1FB1;
			packageReferences = (
				1A87C7592AEC33F700CF1FB1 /* XCRemoteSwiftPackageReference "SDWebImage" */,
			);
			productRefGroup = 1A87C7292AEBD74D00CF1FB1 /* Products */;
			projectDirPath = "";
			projectRoot = "";
			targets = (
				1A87C7272AEBD74D00CF1FB1 /* TableViewApp */,
			);
		};
/* End PBXProject section */

/* Begin PBXResourcesBuildPhase section */
		1A87C7262AEBD74D00CF1FB1 /* Resources */ = {
			isa = PBXResourcesBuildPhase;
			buildActionMask = 2147483647;
			files = (
				1A87C73B2AEBD74E00CF1FB1 /* LaunchScreen.storyboard in Resources */,
				1A87C7382AEBD74E00CF1FB1 /* Assets.xcassets in Resources */,
				1A87C7332AEBD74D00CF1FB1 /* Main.storyboard in Resources */,
			);
			runOnlyForDeploymentPostprocessing = 0;
		};
/* End PBXResourcesBuildPhase section */

/* Begin PBXSourcesBuildPhase section */
		1A87C7242AEBD74D00CF1FB1 /* Sources */ = {
			isa = PBXSourcesBuildPhase;
			buildActionMask = 2147483647;
			files = (
				1A87C7492AEBD94D00CF1FB1 /* Song.swift in Sources */,
				1A87C7502AEBF83100CF1FB1 /* TrackTableViewController.swift in Sources */,
				1A87C7472AEBD86B00CF1FB1 /* DataManager.swift in Sources */,
				1A87C7362AEBD74D00CF1FB1 /* TableViewApp.xcdatamodeld in Sources */,
				1A87C7582AEC299300CF1FB1 /* Movie.swift in Sources */,
				1A87C72C2AEBD74D00CF1FB1 /* AppDelegate.swift in Sources */,
				1A87C7562AEC1C2700CF1FB1 /* MovieTableViewController.swift in Sources */,
				1A87C72E2AEBD74D00CF1FB1 /* SceneDelegate.swift in Sources */,
				1A87C7542AEC1BBC00CF1FB1 /* MovieTableViewCell.swift in Sources */,
				1A87C75F2AEC343F00CF1FB1 /* MovieDetailViewController.swift in Sources */,
				1A87C7522AEC126700CF1FB1 /* DetailViewController.swift in Sources */,
			);
			runOnlyForDeploymentPostprocessing = 0;
		};
/* End PBXSourcesBuildPhase section */

/* Begin PBXVariantGroup section */
		1A87C7312AEBD74D00CF1FB1 /* Main.storyboard */ = {
			isa = PBXVariantGroup;
			children = (
				1A87C7322AEBD74D00CF1FB1 /* Base */,
			);
			name = Main.storyboard;
			sourceTree = "<group>";
		};
		1A87C7392AEBD74E00CF1FB1 /* LaunchScreen.storyboard */ = {
			isa = PBXVariantGroup;
			children = (
				1A87C73A2AEBD74E00CF1FB1 /* Base */,
			);
			name = LaunchScreen.storyboard;
			sourceTree = "<group>";
		};
/* End PBXVariantGroup section */

/* Begin XCBuildConfiguration section */
		1A87C73D2AEBD74E00CF1FB1 /* Debug */ = {
			isa = XCBuildConfiguration;
			buildSettings = {
				ALWAYS_SEARCH_USER_PATHS = NO;
				ASSETCATALOG_COMPILER_GENERATE_SWIFT_ASSET_SYMBOL_EXTENSIONS = YES;
				CLANG_ANALYZER_NONNULL = YES;
				CLANG_ANALYZER_NUMBER_OBJECT_CONVERSION = YES_AGGRESSIVE;
				CLANG_CXX_LANGUAGE_STANDARD = "gnu++20";
				CLANG_ENABLE_MODULES = YES;
				CLANG_ENABLE_OBJC_ARC = YES;
				CLANG_ENABLE_OBJC_WEAK = YES;
				CLANG_WARN_BLOCK_CAPTURE_AUTORELEASING = YES;
				CLANG_WARN_BOOL_CONVERSION = YES;
				CLANG_WARN_COMMA = YES;
				CLANG_WARN_CONSTANT_CONVERSION = YES;
				CLANG_WARN_DEPRECATED_OBJC_IMPLEMENTATIONS = YES;
				CLANG_WARN_DIRECT_OBJC_ISA_USAGE = YES_ERROR;
				CLANG_WARN_DOCUMENTATION_COMMENTS = YES;
				CLANG_WARN_EMPTY_BODY = YES;
				CLANG_WARN_ENUM_CONVERSION = YES;
				CLANG_WARN_INFINITE_RECURSION = YES;
				CLANG_WARN_INT_CONVERSION = YES;
				CLANG_WARN_NON_LITERAL_NULL_CONVERSION = YES;
				CLANG_WARN_OBJC_IMPLICIT_RETAIN_SELF = YES;
				CLANG_WARN_OBJC_LITERAL_CONVERSION = YES;
				CLANG_WARN_OBJC_ROOT_CLASS = YES_ERROR;
				CLANG_WARN_QUOTED_INCLUDE_IN_FRAMEWORK_HEADER = YES;
				CLANG_WARN_RANGE_LOOP_ANALYSIS = YES;
				CLANG_WARN_STRICT_PROTOTYPES = YES;
				CLANG_WARN_SUSPICIOUS_MOVE = YES;
				CLANG_WARN_UNGUARDED_AVAILABILITY = YES_AGGRESSIVE;
				CLANG_WARN_UNREACHABLE_CODE = YES;
				CLANG_WARN__DUPLICATE_METHOD_MATCH = YES;
				COPY_PHASE_STRIP = NO;
				DEBUG_INFORMATION_FORMAT = dwarf;
				ENABLE_STRICT_OBJC_MSGSEND = YES;
				ENABLE_TESTABILITY = YES;
				ENABLE_USER_SCRIPT_SANDBOXING = YES;
				GCC_C_LANGUAGE_STANDARD = gnu17;
				GCC_DYNAMIC_NO_PIC = NO;
				GCC_NO_COMMON_BLOCKS = YES;
				GCC_OPTIMIZATION_LEVEL = 0;
				GCC_PREPROCESSOR_DEFINITIONS = (
					"DEBUG=1",
					"$(inherited)",
				);
				GCC_WARN_64_TO_32_BIT_CONVERSION = YES;
				GCC_WARN_ABOUT_RETURN_TYPE = YES_ERROR;
				GCC_WARN_UNDECLARED_SELECTOR = YES;
				GCC_WARN_UNINITIALIZED_AUTOS = YES_AGGRESSIVE;
				GCC_WARN_UNUSED_FUNCTION = YES;
				GCC_WARN_UNUSED_VARIABLE = YES;
				IPHONEOS_DEPLOYMENT_TARGET = 17.0;
				LOCALIZATION_PREFERS_STRING_CATALOGS = YES;
				MTL_ENABLE_DEBUG_INFO = INCLUDE_SOURCE;
				MTL_FAST_MATH = YES;
				ONLY_ACTIVE_ARCH = YES;
				SDKROOT = iphoneos;
				SWIFT_ACTIVE_COMPILATION_CONDITIONS = "DEBUG $(inherited)";
				SWIFT_OPTIMIZATION_LEVEL = "-Onone";
			};
			name = Debug;
		};
		1A87C73E2AEBD74E00CF1FB1 /* Release */ = {
			isa = XCBuildConfiguration;
			buildSettings = {
				ALWAYS_SEARCH_USER_PATHS = NO;
				ASSETCATALOG_COMPILER_GENERATE_SWIFT_ASSET_SYMBOL_EXTENSIONS = YES;
				CLANG_ANALYZER_NONNULL = YES;
				CLANG_ANALYZER_NUMBER_OBJECT_CONVERSION = YES_AGGRESSIVE;
				CLANG_CXX_LANGUAGE_STANDARD = "gnu++20";
				CLANG_ENABLE_MODULES = YES;
				CLANG_ENABLE_OBJC_ARC = YES;
				CLANG_ENABLE_OBJC_WEAK = YES;
				CLANG_WARN_BLOCK_CAPTURE_AUTORELEASING = YES;
				CLANG_WARN_BOOL_CONVERSION = YES;
				CLANG_WARN_COMMA = YES;
				CLANG_WARN_CONSTANT_CONVERSION = YES;
				CLANG_WARN_DEPRECATED_OBJC_IMPLEMENTATIONS = YES;
				CLANG_WARN_DIRECT_OBJC_ISA_USAGE = YES_ERROR;
				CLANG_WARN_DOCUMENTATION_COMMENTS = YES;
				CLANG_WARN_EMPTY_BODY = YES;
				CLANG_WARN_ENUM_CONVERSION = YES;
				CLANG_WARN_INFINITE_RECURSION = YES;
				CLANG_WARN_INT_CONVERSION = YES;
				CLANG_WARN_NON_LITERAL_NULL_CONVERSION = YES;
				CLANG_WARN_OBJC_IMPLICIT_RETAIN_SELF = YES;
				CLANG_WARN_OBJC_LITERAL_CONVERSION = YES;
				CLANG_WARN_OBJC_ROOT_CLASS = YES_ERROR;
				CLANG_WARN_QUOTED_INCLUDE_IN_FRAMEWORK_HEADER = YES;
				CLANG_WARN_RANGE_LOOP_ANALYSIS = YES;
				CLANG_WARN_STRICT_PROTOTYPES = YES;
				CLANG_WARN_SUSPICIOUS_MOVE = YES;
				CLANG_WARN_UNGUARDED_AVAILABILITY = YES_AGGRESSIVE;
				CLANG_WARN_UNREACHABLE_CODE = YES;
				CLANG_WARN__DUPLICATE_METHOD_MATCH = YES;
				COPY_PHASE_STRIP = NO;
				DEBUG_INFORMATION_FORMAT = "dwarf-with-dsym";
				ENABLE_NS_ASSERTIONS = NO;
				ENABLE_STRICT_OBJC_MSGSEND = YES;
				ENABLE_USER_SCRIPT_SANDBOXING = YES;
				GCC_C_LANGUAGE_STANDARD = gnu17;
				GCC_NO_COMMON_BLOCKS = YES;
				GCC_WARN_64_TO_32_BIT_CONVERSION = YES;
				GCC_WARN_ABOUT_RETURN_TYPE = YES_ERROR;
				GCC_WARN_UNDECLARED_SELECTOR = YES;
				GCC_WARN_UNINITIALIZED_AUTOS = YES_AGGRESSIVE;
				GCC_WARN_UNUSED_FUNCTION = YES;
				GCC_WARN_UNUSED_VARIABLE = YES;
				IPHONEOS_DEPLOYMENT_TARGET = 17.0;
				LOCALIZATION_PREFERS_STRING_CATALOGS = YES;
				MTL_ENABLE_DEBUG_INFO = NO;
				MTL_FAST_MATH = YES;
				SDKROOT = iphoneos;
				SWIFT_COMPILATION_MODE = wholemodule;
				VALIDATE_PRODUCT = YES;
			};
			name = Release;
		};
		1A87C7402AEBD74E00CF1FB1 /* Debug */ = {
			isa = XCBuildConfiguration;
			buildSettings = {
				ASSETCATALOG_COMPILER_APPICON_NAME = AppIcon;
				ASSETCATALOG_COMPILER_GLOBAL_ACCENT_COLOR_NAME = AccentColor;
				CODE_SIGN_STYLE = Automatic;
				CURRENT_PROJECT_VERSION = 1;
				DEVELOPMENT_TEAM = Y965A522N6;
				GENERATE_INFOPLIST_FILE = YES;
				INFOPLIST_FILE = TableViewApp/Info.plist;
				INFOPLIST_KEY_UIApplicationSupportsIndirectInputEvents = YES;
				INFOPLIST_KEY_UILaunchStoryboardName = LaunchScreen;
				INFOPLIST_KEY_UIMainStoryboardFile = Main;
				INFOPLIST_KEY_UISupportedInterfaceOrientations_iPad = "UIInterfaceOrientationPortrait UIInterfaceOrientationPortraitUpsideDown UIInterfaceOrientationLandscapeLeft UIInterfaceOrientationLandscapeRight";
				INFOPLIST_KEY_UISupportedInterfaceOrientations_iPhone = "UIInterfaceOrientationPortrait UIInterfaceOrientationLandscapeLeft UIInterfaceOrientationLandscapeRight";
				LD_RUNPATH_SEARCH_PATHS = (
					"$(inherited)",
					"@executable_path/Frameworks",
				);
				MARKETING_VERSION = 1.0;
				PRODUCT_BUNDLE_IDENTIFIER = aolehno.TableViewApp;
				PRODUCT_NAME = "$(TARGET_NAME)";
				SWIFT_EMIT_LOC_STRINGS = YES;
				SWIFT_VERSION = 5.0;
				TARGETED_DEVICE_FAMILY = "1,2";
			};
			name = Debug;
		};
		1A87C7412AEBD74E00CF1FB1 /* Release */ = {
			isa = XCBuildConfiguration;
			buildSettings = {
				ASSETCATALOG_COMPILER_APPICON_NAME = AppIcon;
				ASSETCATALOG_COMPILER_GLOBAL_ACCENT_COLOR_NAME = AccentColor;
				CODE_SIGN_STYLE = Automatic;
				CURRENT_PROJECT_VERSION = 1;
				DEVELOPMENT_TEAM = Y965A522N6;
				GENERATE_INFOPLIST_FILE = YES;
				INFOPLIST_FILE = TableViewApp/Info.plist;
				INFOPLIST_KEY_UIApplicationSupportsIndirectInputEvents = YES;
				INFOPLIST_KEY_UILaunchStoryboardName = LaunchScreen;
				INFOPLIST_KEY_UIMainStoryboardFile = Main;
				INFOPLIST_KEY_UISupportedInterfaceOrientations_iPad = "UIInterfaceOrientationPortrait UIInterfaceOrientationPortraitUpsideDown UIInterfaceOrientationLandscapeLeft UIInterfaceOrientationLandscapeRight";
				INFOPLIST_KEY_UISupportedInterfaceOrientations_iPhone = "UIInterfaceOrientationPortrait UIInterfaceOrientationLandscapeLeft UIInterfaceOrientationLandscapeRight";
				LD_RUNPATH_SEARCH_PATHS = (
					"$(inherited)",
					"@executable_path/Frameworks",
				);
				MARKETING_VERSION = 1.0;
				PRODUCT_BUNDLE_IDENTIFIER = aolehno.TableViewApp;
				PRODUCT_NAME = "$(TARGET_NAME)";
				SWIFT_EMIT_LOC_STRINGS = YES;
				SWIFT_VERSION = 5.0;
				TARGETED_DEVICE_FAMILY = "1,2";
			};
			name = Release;
		};
/* End XCBuildConfiguration section */

/* Begin XCConfigurationList section */
		1A87C7232AEBD74D00CF1FB1 /* Build configuration list for PBXProject "TableViewApp" */ = {
			isa = XCConfigurationList;
			buildConfigurations = (
				1A87C73D2AEBD74E00CF1FB1 /* Debug */,
				1A87C73E2AEBD74E00CF1FB1 /* Release */,
			);
			defaultConfigurationIsVisible = 0;
			defaultConfigurationName = Release;
		};
		1A87C73F2AEBD74E00CF1FB1 /* Build configuration list for PBXNativeTarget "TableViewApp" */ = {
			isa = XCConfigurationList;
			buildConfigurations = (
				1A87C7402AEBD74E00CF1FB1 /* Debug */,
				1A87C7412AEBD74E00CF1FB1 /* Release */,
			);
			defaultConfigurationIsVisible = 0;
			defaultConfigurationName = Release;
		};
/* End XCConfigurationList section */

/* Begin XCRemoteSwiftPackageReference section */
		1A87C7592AEC33F700CF1FB1 /* XCRemoteSwiftPackageReference "SDWebImage" */ = {
			isa = XCRemoteSwiftPackageReference;
			repositoryURL = "https://github.com/SDWebImage/SDWebImage.git";
			requirement = {
				kind = upToNextMajorVersion;
				minimumVersion = 5.18.4;
			};
		};
/* End XCRemoteSwiftPackageReference section */

/* Begin XCSwiftPackageProductDependency section */
		1A87C75A2AEC33F700CF1FB1 /* SDWebImage */ = {
			isa = XCSwiftPackageProductDependency;
			package = 1A87C7592AEC33F700CF1FB1 /* XCRemoteSwiftPackageReference "SDWebImage" */;
			productName = SDWebImage;
		};
		1A87C75C2AEC33F700CF1FB1 /* SDWebImageMapKit */ = {
			isa = XCSwiftPackageProductDependency;
			package = 1A87C7592AEC33F700CF1FB1 /* XCRemoteSwiftPackageReference "SDWebImage" */;
			productName = SDWebImageMapKit;
		};
/* End XCSwiftPackageProductDependency section */

/* Begin XCVersionGroup section */
		1A87C7342AEBD74D00CF1FB1 /* TableViewApp.xcdatamodeld */ = {
			isa = XCVersionGroup;
			children = (
				1A87C7352AEBD74D00CF1FB1 /* TableViewApp.xcdatamodel */,
			);
			currentVersion = 1A87C7352AEBD74D00CF1FB1 /* TableViewApp.xcdatamodel */;
			path = TableViewApp.xcdatamodeld;
			sourceTree = "<group>";
			versionGroupType = wrapper.xcdatamodel;
		};
/* End XCVersionGroup section */
	};
	rootObject = 1A87C7202AEBD74D00CF1FB1 /* Project object */;
}
